
Microsoft Visual Studio Solution File, Format Version 12.00
# Visual Studio Version 17
VisualStudioVersion = 17.5.002.0
MinimumVisualStudioVersion = 10.0.40219.1
Project("{9A19103F-16F7-4668-BE54-9A1E7A4F7556}") = "ExtraVert", "ExtraVert.csproj", "{1B43B75A-CF02-42A5-B854-C572D5DBB978}"
EndProject
Global
	GlobalSection(SolutionConfigurationPlatforms) = preSolution
		Debug|Any CPU = Debug|Any CPU
		Release|Any CPU = Release|Any CPU
	EndGlobalSection
	GlobalSection(ProjectConfigurationPlatforms) = postSolution
		{1B43B75A-CF02-42A5-B854-C572D5DBB978}.Debug|Any CPU.ActiveCfg = Debug|Any CPU
		{1B43B75A-CF02-42A5-B854-C572D5DBB978}.Debug|Any CPU.Build.0 = Debug|Any CPU
		{1B43B75A-CF02-42A5-B854-C572D5DBB978}.Release|Any CPU.ActiveCfg = Release|Any CPU
		{1B43B75A-CF02-42A5-B854-C572D5DBB978}.Release|Any CPU.Build.0 = Release|Any CPU
	EndGlobalSection
	GlobalSection(SolutionProperties) = preSolution
		HideSolutionNode = FALSE
	EndGlobalSection
	GlobalSection(ExtensibilityGlobals) = postSolution
		SolutionGuid = {5E12A1F0-B653-49FB-8518-ADC8BD293982}
	EndGlobalSection
EndGlobal
